// !$*UTF8*$!
{
	archiveVersion = 1;
	classes = {
	};
	objectVersion = 77;
	objects = {

/* Begin PBXBuildFile section */
		09732349888DDBCDAEACF0B3 /* ContentView.swift in Sources */ = {isa = PBXBuildFile; fileRef = 765AEA9C9C330982D6F10A18 /* ContentView.swift */; };
		0F2FE78C50030A7FC78DCF49 /* TestStepHelper.swift in Sources */ = {isa = PBXBuildFile; fileRef = 70E91E832C6736CEE56DB83D /* TestStepHelper.swift */; };
		1961133D40EDA39206D7F911 /* LaunchUITests.swift in Sources */ = {isa = PBXBuildFile; fileRef = 8B87A4BD2B55850215CBD69E /* LaunchUITests.swift */; };
		BC9F3F6DC202CA7A1EF4672A /* PlayerApp.swift in Sources */ = {isa = PBXBuildFile; fileRef = FCB7A34F5BA306FA413A7BD6 /* PlayerApp.swift */; };
/* End PBXBuildFile section */

/* Begin PBXContainerItemProxy section */
		8DBDEC6D5E7C427FC823E73F /* PBXContainerItemProxy */ = {
			isa = PBXContainerItemProxy;
			containerPortal = F45B4C872F70AD371A0CAA31 /* Project object */;
			proxyType = 1;
			remoteGlobalIDString = C526B3C6F7440F582811B83B;
			remoteInfo = Player;
		};
/* End PBXContainerItemProxy section */

/* Begin PBXFileReference section */
		30D4592F003E4A81B4C6D336 /* Info.plist */ = {isa = PBXFileReference; lastKnownFileType = text.plist; path = Info.plist; sourceTree = "<group>"; };
		58804811EEE19119F8ADA010 /* Debug.xcconfig */ = {isa = PBXFileReference; lastKnownFileType = text.xcconfig; path = Debug.xcconfig; sourceTree = "<group>"; };
		70E91E832C6736CEE56DB83D /* TestStepHelper.swift */ = {isa = PBXFileReference; lastKnownFileType = sourcecode.swift; path = TestStepHelper.swift; sourceTree = "<group>"; };
		765AEA9C9C330982D6F10A18 /* ContentView.swift */ = {isa = PBXFileReference; lastKnownFileType = sourcecode.swift; path = ContentView.swift; sourceTree = "<group>"; };
		7812E6BB57797C2BCCC61E0E /* PlayerUITests.xctest */ = {isa = PBXFileReference; includeInIndex = 0; lastKnownFileType = wrapper.cfbundle; path = PlayerUITests.xctest; sourceTree = BUILT_PRODUCTS_DIR; };
		7A706BEA9DB8BE6E79919745 /* Player.app */ = {isa = PBXFileReference; includeInIndex = 0; lastKnownFileType = wrapper.application; path = Player.app; sourceTree = BUILT_PRODUCTS_DIR; };
		8939611BB5C58FDAB91F6786 /* E2E.xcconfig */ = {isa = PBXFileReference; lastKnownFileType = text.xcconfig; path = E2E.xcconfig; sourceTree = "<group>"; };
		8B87A4BD2B55850215CBD69E /* LaunchUITests.swift */ = {isa = PBXFileReference; lastKnownFileType = sourcecode.swift; path = LaunchUITests.swift; sourceTree = "<group>"; };
		B03606507BD909AA576A4753 /* Release.xcconfig */ = {isa = PBXFileReference; lastKnownFileType = text.xcconfig; path = Release.xcconfig; sourceTree = "<group>"; };
		FCB7A34F5BA306FA413A7BD6 /* PlayerApp.swift */ = {isa = PBXFileReference; lastKnownFileType = sourcecode.swift; path = PlayerApp.swift; sourceTree = "<group>"; };
/* End PBXFileReference section */

/* Begin PBXGroup section */
		40F608E8FFC15C424F60C3E7 /* Config */ = {
			isa = PBXGroup;
			children = (
				58804811EEE19119F8ADA010 /* Debug.xcconfig */,
				8939611BB5C58FDAB91F6786 /* E2E.xcconfig */,
				B03606507BD909AA576A4753 /* Release.xcconfig */,
			);
			path = Config;
			sourceTree = "<group>";
		};
		5C16E97DC06BD434CCE74253 = {
			isa = PBXGroup;
			children = (
				40F608E8FFC15C424F60C3E7 /* Config */,
				FC55EC03063F9A2D38351811 /* Player */,
				B7C5D0F3E2B4FB8E4DD853E6 /* PlayerUITests */,
				BE9B4BA96F99256D533EA8C1 /* Products */,
			);
			sourceTree = "<group>";
		};
		B7C5D0F3E2B4FB8E4DD853E6 /* PlayerUITests */ = {
			isa = PBXGroup;
			children = (
				8B87A4BD2B55850215CBD69E /* LaunchUITests.swift */,
				70E91E832C6736CEE56DB83D /* TestStepHelper.swift */,
			);
			path = PlayerUITests;
			sourceTree = "<group>";
		};
		BE9B4BA96F99256D533EA8C1 /* Products */ = {
			isa = PBXGroup;
			children = (
				7A706BEA9DB8BE6E79919745 /* Player.app */,
				7812E6BB57797C2BCCC61E0E /* PlayerUITests.xctest */,
			);
			name = Products;
			sourceTree = "<group>";
		};
		FC55EC03063F9A2D38351811 /* Player */ = {
			isa = PBXGroup;
			children = (
				765AEA9C9C330982D6F10A18 /* ContentView.swift */,
				30D4592F003E4A81B4C6D336 /* Info.plist */,
				FCB7A34F5BA306FA413A7BD6 /* PlayerApp.swift */,
			);
			path = Player;
			sourceTree = "<group>";
		};
/* End PBXGroup section */

/* Begin PBXNativeTarget section */
		8DA48459DF19DCAFCEDD3018 /* PlayerUITests */ = {
			isa = PBXNativeTarget;
			buildConfigurationList = E335B16FAD58706047499BE3 /* Build configuration list for PBXNativeTarget "PlayerUITests" */;
			buildPhases = (
				923B85429A68AA228FA85837 /* Sources */,
			);
			buildRules = (
			);
			dependencies = (
				337A7E3F094DEB71FBFD2058 /* PBXTargetDependency */,
			);
			name = PlayerUITests;
			packageProductDependencies = (
			);
			productName = PlayerUITests;
			productReference = 7812E6BB57797C2BCCC61E0E /* PlayerUITests.xctest */;
			productType = "com.apple.product-type.bundle.ui-testing";
		};
		C526B3C6F7440F582811B83B /* Player */ = {
			isa = PBXNativeTarget;
			buildConfigurationList = 50C160A38544E8F0FBD75811 /* Build configuration list for PBXNativeTarget "Player" */;
			buildPhases = (
				939DDFE9798F39A3E015459B /* Sources */,
			);
			buildRules = (
			);
			dependencies = (
			);
			name = Player;
			packageProductDependencies = (
			);
			productName = Player;
			productReference = 7A706BEA9DB8BE6E79919745 /* Player.app */;
			productType = "com.apple.product-type.application";
		};
/* End PBXNativeTarget section */

/* Begin PBXProject section */
		F45B4C872F70AD371A0CAA31 /* Project object */ = {
			isa = PBXProject;
			attributes = {
				BuildIndependentTargetsInParallel = YES;
				LastUpgradeCheck = 1430;
				TargetAttributes = {
					8DA48459DF19DCAFCEDD3018 = {
						ProvisioningStyle = Automatic;
						TestTargetID = C526B3C6F7440F582811B83B;
					};
					C526B3C6F7440F582811B83B = {
						ProvisioningStyle = Automatic;
					};
				};
			};
			buildConfigurationList = 8487D78B06D3AD1A4EF6CEBA /* Build configuration list for PBXProject "Player" */;
			developmentRegion = en;
			hasScannedForEncodings = 0;
			knownRegions = (
				Base,
				en,
			);
			mainGroup = 5C16E97DC06BD434CCE74253;
			minimizedProjectReferenceProxies = 1;
			preferredProjectObjectVersion = 77;
			productRefGroup = BE9B4BA96F99256D533EA8C1 /* Products */;
			projectDirPath = "";
			projectRoot = "";
			targets = (
				C526B3C6F7440F582811B83B /* Player */,
				8DA48459DF19DCAFCEDD3018 /* PlayerUITests */,
			);
		};
/* End PBXProject section */

/* Begin PBXSourcesBuildPhase section */
		923B85429A68AA228FA85837 /* Sources */ = {
			isa = PBXSourcesBuildPhase;
			buildActionMask = 2147483647;
			files = (
				1961133D40EDA39206D7F911 /* LaunchUITests.swift in Sources */,
				0F2FE78C50030A7FC78DCF49 /* TestStepHelper.swift in Sources */,
			);
			runOnlyForDeploymentPostprocessing = 0;
		};
		939DDFE9798F39A3E015459B /* Sources */ = {
			isa = PBXSourcesBuildPhase;
			buildActionMask = 2147483647;
			files = (
				09732349888DDBCDAEACF0B3 /* ContentView.swift in Sources */,
				BC9F3F6DC202CA7A1EF4672A /* PlayerApp.swift in Sources */,
			);
			runOnlyForDeploymentPostprocessing = 0;
		};
/* End PBXSourcesBuildPhase section */

/* Begin PBXTargetDependency section */
		337A7E3F094DEB71FBFD2058 /* PBXTargetDependency */ = {
			isa = PBXTargetDependency;
			target = C526B3C6F7440F582811B83B /* Player */;
			targetProxy = 8DBDEC6D5E7C427FC823E73F /* PBXContainerItemProxy */;
		};
/* End PBXTargetDependency section */

/* Begin XCBuildConfiguration section */
		4E34F5BAE852A8BBF30451EA /* E2E */ = {
			isa = XCBuildConfiguration;
			baseConfigurationReference = 8939611BB5C58FDAB91F6786 /* E2E.xcconfig */;
			buildSettings = {
				ASSETCATALOG_COMPILER_APPICON_NAME = AppIcon;
				CODE_SIGN_IDENTITY = "iPhone Developer";
				GENERATE_INFOPLIST_FILE = NO;
				INFOPLIST_FILE = Player/Info.plist;
				LD_RUNPATH_SEARCH_PATHS = (
					"$(inherited)",
					"@executable_path/Frameworks",
				);
				PRODUCT_NAME = Player;
				SDKROOT = iphoneos;
				TARGETED_DEVICE_FAMILY = 1;
			};
			name = E2E;
		};
		578ECC078864952590A5620E /* Release */ = {
			isa = XCBuildConfiguration;
			baseConfigurationReference = B03606507BD909AA576A4753 /* Release.xcconfig */;
			buildSettings = {
				ASSETCATALOG_COMPILER_APPICON_NAME = AppIcon;
				CODE_SIGN_IDENTITY = "iPhone Developer";
				GENERATE_INFOPLIST_FILE = NO;
				INFOPLIST_FILE = Player/Info.plist;
				LD_RUNPATH_SEARCH_PATHS = (
					"$(inherited)",
					"@executable_path/Frameworks",
				);
				PRODUCT_NAME = Player;
				SDKROOT = iphoneos;
				TARGETED_DEVICE_FAMILY = 1;
			};
			name = Release;
		};
		5801D3A880C63917B7AF126A /* Debug */ = {
			isa = XCBuildConfiguration;
			baseConfigurationReference = 58804811EEE19119F8ADA010 /* Debug.xcconfig */;
			buildSettings = {
				BUNDLE_LOADER = "$(TEST_HOST)";
				GENERATE_INFOPLIST_FILE = YES;
				LD_RUNPATH_SEARCH_PATHS = (
					"$(inherited)",
					"@executable_path/Frameworks",
					"@loader_path/Frameworks",
				);
				PRODUCT_BUNDLE_IDENTIFIER = org.boardgamescafe.player.uitests;
				SDKROOT = iphoneos;
				TARGETED_DEVICE_FAMILY = "1,2";
				TEST_TARGET_NAME = Player;
			};
			name = Debug;
		};
		8CCA757D0F2B2FB3F8175D67 /* Release */ = {
			isa = XCBuildConfiguration;
			baseConfigurationReference = B03606507BD909AA576A4753 /* Release.xcconfig */;
			buildSettings = {
				BUNDLE_LOADER = "$(TEST_HOST)";
				GENERATE_INFOPLIST_FILE = YES;
				LD_RUNPATH_SEARCH_PATHS = (
					"$(inherited)",
					"@executable_path/Frameworks",
					"@loader_path/Frameworks",
				);
				PRODUCT_BUNDLE_IDENTIFIER = org.boardgamescafe.player.uitests;
				SDKROOT = iphoneos;
				TARGETED_DEVICE_FAMILY = "1,2";
				TEST_TARGET_NAME = Player;
			};
			name = Release;
		};
		8CF9D63DFE5862ECC230F811 /* Release */ = {
			isa = XCBuildConfiguration;
			buildSettings = {
				ALWAYS_SEARCH_USER_PATHS = NO;
				CLANG_ANALYZER_NONNULL = YES;
				CLANG_ANALYZER_NUMBER_OBJECT_CONVERSION = YES_AGGRESSIVE;
				CLANG_CXX_LANGUAGE_STANDARD = "gnu++14";
				CLANG_CXX_LIBRARY = "libc++";
				CLANG_ENABLE_MODULES = YES;
				CLANG_ENABLE_OBJC_ARC = YES;
				CLANG_ENABLE_OBJC_WEAK = YES;
				CLANG_WARN_BLOCK_CAPTURE_AUTORELEASING = YES;
				CLANG_WARN_BOOL_CONVERSION = YES;
				CLANG_WARN_COMMA = YES;
				CLANG_WARN_CONSTANT_CONVERSION = YES;
				CLANG_WARN_DEPRECATED_OBJC_IMPLEMENTATIONS = YES;
				CLANG_WARN_DIRECT_OBJC_ISA_USAGE = YES_ERROR;
				CLANG_WARN_DOCUMENTATION_COMMENTS = YES;
				CLANG_WARN_EMPTY_BODY = YES;
				CLANG_WARN_ENUM_CONVERSION = YES;
				CLANG_WARN_INFINITE_RECURSION = YES;
				CLANG_WARN_INT_CONVERSION = YES;
				CLANG_WARN_NON_LITERAL_NULL_CONVERSION = YES;
				CLANG_WARN_OBJC_IMPLICIT_RETAIN_SELF = YES;
				CLANG_WARN_OBJC_LITERAL_CONVERSION = YES;
				CLANG_WARN_OBJC_ROOT_CLASS = YES_ERROR;
				CLANG_WARN_QUOTED_INCLUDE_IN_FRAMEWORK_HEADER = YES;
				CLANG_WARN_RANGE_LOOP_ANALYSIS = YES;
				CLANG_WARN_STRICT_PROTOTYPES = YES;
				CLANG_WARN_SUSPICIOUS_MOVE = YES;
				CLANG_WARN_UNGUARDED_AVAILABILITY = YES_AGGRESSIVE;
				CLANG_WARN_UNREACHABLE_CODE = YES;
				CLANG_WARN__DUPLICATE_METHOD_MATCH = YES;
				COPY_PHASE_STRIP = NO;
				DEBUG_INFORMATION_FORMAT = "dwarf-with-dsym";
				ENABLE_NS_ASSERTIONS = NO;
				ENABLE_STRICT_OBJC_MSGSEND = YES;
				GCC_C_LANGUAGE_STANDARD = gnu11;
				GCC_NO_COMMON_BLOCKS = YES;
				GCC_WARN_64_TO_32_BIT_CONVERSION = YES;
				GCC_WARN_ABOUT_RETURN_TYPE = YES_ERROR;
				GCC_WARN_UNDECLARED_SELECTOR = YES;
				GCC_WARN_UNINITIALIZED_AUTOS = YES_AGGRESSIVE;
				GCC_WARN_UNUSED_FUNCTION = YES;
				GCC_WARN_UNUSED_VARIABLE = YES;
				IPHONEOS_DEPLOYMENT_TARGET = 17.0;
				MTL_ENABLE_DEBUG_INFO = NO;
				MTL_FAST_MATH = YES;
				PRODUCT_NAME = "$(TARGET_NAME)";
				SDKROOT = iphoneos;
				SWIFT_COMPILATION_MODE = wholemodule;
				SWIFT_OPTIMIZATION_LEVEL = "-O";
				SWIFT_VERSION = 5.0;
			};
			name = Release;
		};
		9516D998F1A8D7B8BBF50BDB /* Debug */ = {
			isa = XCBuildConfiguration;
			baseConfigurationReference = 58804811EEE19119F8ADA010 /* Debug.xcconfig */;
			buildSettings = {
				ASSETCATALOG_COMPILER_APPICON_NAME = AppIcon;
				CODE_SIGN_IDENTITY = "iPhone Developer";
				GENERATE_INFOPLIST_FILE = NO;
				INFOPLIST_FILE = Player/Info.plist;
				LD_RUNPATH_SEARCH_PATHS = (
					"$(inherited)",
					"@executable_path/Frameworks",
				);
				PRODUCT_NAME = Player;
				SDKROOT = iphoneos;
				TARGETED_DEVICE_FAMILY = 1;
			};
			name = Debug;
		};
		A657173A0F5C32237C0AB210 /* E2E */ = {
			isa = XCBuildConfiguration;
			buildSettings = {
				ALWAYS_SEARCH_USER_PATHS = NO;
				CLANG_ANALYZER_NONNULL = YES;
				CLANG_ANALYZER_NUMBER_OBJECT_CONVERSION = YES_AGGRESSIVE;
				CLANG_CXX_LANGUAGE_STANDARD = "gnu++14";
				CLANG_CXX_LIBRARY = "libc++";
				CLANG_ENABLE_MODULES = YES;
				CLANG_ENABLE_OBJC_ARC = YES;
				CLANG_ENABLE_OBJC_WEAK = YES;
				CLANG_WARN_BLOCK_CAPTURE_AUTORELEASING = YES;
				CLANG_WARN_BOOL_CONVERSION = YES;
				CLANG_WARN_COMMA = YES;
				CLANG_WARN_CONSTANT_CONVERSION = YES;
				CLANG_WARN_DEPRECATED_OBJC_IMPLEMENTATIONS = YES;
				CLANG_WARN_DIRECT_OBJC_ISA_USAGE = YES_ERROR;
				CLANG_WARN_DOCUMENTATION_COMMENTS = YES;
				CLANG_WARN_EMPTY_BODY = YES;
				CLANG_WARN_ENUM_CONVERSION = YES;
				CLANG_WARN_INFINITE_RECURSION = YES;
				CLANG_WARN_INT_CONVERSION = YES;
				CLANG_WARN_NON_LITERAL_NULL_CONVERSION = YES;
				CLANG_WARN_OBJC_IMPLICIT_RETAIN_SELF = YES;
				CLANG_WARN_OBJC_LITERAL_CONVERSION = YES;
				CLANG_WARN_OBJC_ROOT_CLASS = YES_ERROR;
				CLANG_WARN_QUOTED_INCLUDE_IN_FRAMEWORK_HEADER = YES;
				CLANG_WARN_RANGE_LOOP_ANALYSIS = YES;
				CLANG_WARN_STRICT_PROTOTYPES = YES;
				CLANG_WARN_SUSPICIOUS_MOVE = YES;
				CLANG_WARN_UNGUARDED_AVAILABILITY = YES_AGGRESSIVE;
				CLANG_WARN_UNREACHABLE_CODE = YES;
				CLANG_WARN__DUPLICATE_METHOD_MATCH = YES;
				COPY_PHASE_STRIP = NO;
				DEBUG_INFORMATION_FORMAT = dwarf;
				ENABLE_STRICT_OBJC_MSGSEND = YES;
				ENABLE_TESTABILITY = YES;
				GCC_C_LANGUAGE_STANDARD = gnu11;
				GCC_DYNAMIC_NO_PIC = NO;
				GCC_NO_COMMON_BLOCKS = YES;
				GCC_OPTIMIZATION_LEVEL = 0;
				GCC_PREPROCESSOR_DEFINITIONS = (
					"$(inherited)",
					"DEBUG=1",
				);
				GCC_WARN_64_TO_32_BIT_CONVERSION = YES;
				GCC_WARN_ABOUT_RETURN_TYPE = YES_ERROR;
				GCC_WARN_UNDECLARED_SELECTOR = YES;
				GCC_WARN_UNINITIALIZED_AUTOS = YES_AGGRESSIVE;
				GCC_WARN_UNUSED_FUNCTION = YES;
				GCC_WARN_UNUSED_VARIABLE = YES;
				IPHONEOS_DEPLOYMENT_TARGET = 17.0;
				MTL_ENABLE_DEBUG_INFO = INCLUDE_SOURCE;
				MTL_FAST_MATH = YES;
				ONLY_ACTIVE_ARCH = YES;
				PRODUCT_NAME = "$(TARGET_NAME)";
				SDKROOT = iphoneos;
				SWIFT_ACTIVE_COMPILATION_CONDITIONS = DEBUG;
				SWIFT_OPTIMIZATION_LEVEL = "-Onone";
				SWIFT_VERSION = 5.0;
			};
			name = E2E;
		};
		ED8E84F44D681AABAD4790FC /* Debug */ = {
			isa = XCBuildConfiguration;
			buildSettings = {
				ALWAYS_SEARCH_USER_PATHS = NO;
				CLANG_ANALYZER_NONNULL = YES;
				CLANG_ANALYZER_NUMBER_OBJECT_CONVERSION = YES_AGGRESSIVE;
				CLANG_CXX_LANGUAGE_STANDARD = "gnu++14";
				CLANG_CXX_LIBRARY = "libc++";
				CLANG_ENABLE_MODULES = YES;
				CLANG_ENABLE_OBJC_ARC = YES;
				CLANG_ENABLE_OBJC_WEAK = YES;
				CLANG_WARN_BLOCK_CAPTURE_AUTORELEASING = YES;
				CLANG_WARN_BOOL_CONVERSION = YES;
				CLANG_WARN_COMMA = YES;
				CLANG_WARN_CONSTANT_CONVERSION = YES;
				CLANG_WARN_DEPRECATED_OBJC_IMPLEMENTATIONS = YES;
				CLANG_WARN_DIRECT_OBJC_ISA_USAGE = YES_ERROR;
				CLANG_WARN_DOCUMENTATION_COMMENTS = YES;
				CLANG_WARN_EMPTY_BODY = YES;
				CLANG_WARN_ENUM_CONVERSION = YES;
				CLANG_WARN_INFINITE_RECURSION = YES;
				CLANG_WARN_INT_CONVERSION = YES;
				CLANG_WARN_NON_LITERAL_NULL_CONVERSION = YES;
				CLANG_WARN_OBJC_IMPLICIT_RETAIN_SELF = YES;
				CLANG_WARN_OBJC_LITERAL_CONVERSION = YES;
				CLANG_WARN_OBJC_ROOT_CLASS = YES_ERROR;
				CLANG_WARN_QUOTED_INCLUDE_IN_FRAMEWORK_HEADER = YES;
				CLANG_WARN_RANGE_LOOP_ANALYSIS = YES;
				CLANG_WARN_STRICT_PROTOTYPES = YES;
				CLANG_WARN_SUSPICIOUS_MOVE = YES;
				CLANG_WARN_UNGUARDED_AVAILABILITY = YES_AGGRESSIVE;
				CLANG_WARN_UNREACHABLE_CODE = YES;
				CLANG_WARN__DUPLICATE_METHOD_MATCH = YES;
				COPY_PHASE_STRIP = NO;
				DEBUG_INFORMATION_FORMAT = dwarf;
				ENABLE_STRICT_OBJC_MSGSEND = YES;
				ENABLE_TESTABILITY = YES;
				GCC_C_LANGUAGE_STANDARD = gnu11;
				GCC_DYNAMIC_NO_PIC = NO;
				GCC_NO_COMMON_BLOCKS = YES;
				GCC_OPTIMIZATION_LEVEL = 0;
				GCC_PREPROCESSOR_DEFINITIONS = (
					"$(inherited)",
					"DEBUG=1",
				);
				GCC_WARN_64_TO_32_BIT_CONVERSION = YES;
				GCC_WARN_ABOUT_RETURN_TYPE = YES_ERROR;
				GCC_WARN_UNDECLARED_SELECTOR = YES;
				GCC_WARN_UNINITIALIZED_AUTOS = YES_AGGRESSIVE;
				GCC_WARN_UNUSED_FUNCTION = YES;
				GCC_WARN_UNUSED_VARIABLE = YES;
				IPHONEOS_DEPLOYMENT_TARGET = 17.0;
				MTL_ENABLE_DEBUG_INFO = INCLUDE_SOURCE;
				MTL_FAST_MATH = YES;
				ONLY_ACTIVE_ARCH = YES;
				PRODUCT_NAME = "$(TARGET_NAME)";
				SDKROOT = iphoneos;
				SWIFT_ACTIVE_COMPILATION_CONDITIONS = DEBUG;
				SWIFT_OPTIMIZATION_LEVEL = "-Onone";
				SWIFT_VERSION = 5.0;
			};
			name = Debug;
		};
		F740441FD0CFD8776A8EDCA3 /* E2E */ = {
			isa = XCBuildConfiguration;
			baseConfigurationReference = 8939611BB5C58FDAB91F6786 /* E2E.xcconfig */;
			buildSettings = {
				BUNDLE_LOADER = "$(TEST_HOST)";
				GENERATE_INFOPLIST_FILE = YES;
				LD_RUNPATH_SEARCH_PATHS = (
					"$(inherited)",
					"@executable_path/Frameworks",
					"@loader_path/Frameworks",
				);
				PRODUCT_BUNDLE_IDENTIFIER = org.boardgamescafe.player.uitests;
				SDKROOT = iphoneos;
				TARGETED_DEVICE_FAMILY = "1,2";
				TEST_TARGET_NAME = Player;
			};
			name = E2E;
		};
/* End XCBuildConfiguration section */

/* Begin XCConfigurationList section */
		50C160A38544E8F0FBD75811 /* Build configuration list for PBXNativeTarget "Player" */ = {
			isa = XCConfigurationList;
			buildConfigurations = (
				9516D998F1A8D7B8BBF50BDB /* Debug */,
				4E34F5BAE852A8BBF30451EA /* E2E */,
				578ECC078864952590A5620E /* Release */,
			);
			defaultConfigurationIsVisible = 0;
			defaultConfigurationName = Debug;
		};
		8487D78B06D3AD1A4EF6CEBA /* Build configuration list for PBXProject "Player" */ = {
			isa = XCConfigurationList;
			buildConfigurations = (
				ED8E84F44D681AABAD4790FC /* Debug */,
				A657173A0F5C32237C0AB210 /* E2E */,
				8CF9D63DFE5862ECC230F811 /* Release */,
			);
			defaultConfigurationIsVisible = 0;
			defaultConfigurationName = Debug;
		};
		E335B16FAD58706047499BE3 /* Build configuration list for PBXNativeTarget "PlayerUITests" */ = {
			isa = XCConfigurationList;
			buildConfigurations = (
				5801D3A880C63917B7AF126A /* Debug */,
				F740441FD0CFD8776A8EDCA3 /* E2E */,
				8CCA757D0F2B2FB3F8175D67 /* Release */,
			);
			defaultConfigurationIsVisible = 0;
			defaultConfigurationName = Debug;
		};
/* End XCConfigurationList section */
	};
	rootObject = F45B4C872F70AD371A0CAA31 /* Project object */;
}
